
Microsoft Visual Studio Solution File, Format Version 12.00
# Visual Studio Version 16
VisualStudioVersion = 16.0.30011.22
MinimumVisualStudioVersion = 10.0.40219.1
Project("{9A19103F-16F7-4668-BE54-9A1E7A4F7556}") = "SmartLens.Core", "SmartLens.Core\SmartLens.Core.csproj", "{7863680B-27CB-4E06-A447-651FF93654DC}"
EndProject
Project("{9A19103F-16F7-4668-BE54-9A1E7A4F7556}") = "SmartLens.Business", "SmartLens.Business\SmartLens.Business.csproj", "{C58EFF74-A146-40FA-B691-BBFE5850D05B}"
EndProject
Project("{9A19103F-16F7-4668-BE54-9A1E7A4F7556}") = "SmartLens.Entities", "SmartLens.Entities\SmartLens.Entities.csproj", "{F2818CFC-523A-45FB-843E-DDEADA3C5998}"
EndProject
Project("{9A19103F-16F7-4668-BE54-9A1E7A4F7556}") = "SmartLens.DataAccess", "SmartLens.DataAccess\SmartLens.DataAccess.csproj", "{839426E5-1DC8-4F6D-A64C-D7EF7788D968}"
EndProject
Project("{9A19103F-16F7-4668-BE54-9A1E7A4F7556}") = "SmartLens.Transmission", "SmartLens.Transmission\SmartLens.Transmission.csproj", "{D21C28F3-2929-412E-AFB2-02EF97D7AE77}"
EndProject
Project("{9A19103F-16F7-4668-BE54-9A1E7A4F7556}") = "SmartLens.UITransmissionTestClient", "SmartLens.UITransmissionTestClient\SmartLens.UITransmissionTestClient.csproj", "{7298E228-9112-4ADF-804F-79D19F340D7C}"
EndProject
Project("{2150E333-8FDC-42A3-9474-1A3956D46DE8}") = "Presentation", "Presentation", "{2A5BCE12-EBB0-45B3-8E15-ECAF2A98B45E}"
EndProject
Project("{9A19103F-16F7-4668-BE54-9A1E7A4F7556}") = "SmartLens.WinFormUI", "SmartLens.WinFormUI\SmartLens.WinFormUI.csproj", "{14853BD6-FFF3-435F-82AF-57B40201AB10}"
EndProject
Project("{2150E333-8FDC-42A3-9474-1A3956D46DE8}") = "CLIENT", "CLIENT", "{52240E54-58FA-4BF3-B10F-2DF631E33D48}"
EndProject
Project("{9A19103F-16F7-4668-BE54-9A1E7A4F7556}") = "SmartLens.Client", "SmartLens.Client\SmartLens.Client.csproj", "{D913FBEF-7D38-4421-BB48-A318273F9C8A}"
EndProject
Project("{2150E333-8FDC-42A3-9474-1A3956D46DE8}") = "Application", "Application", "{5F6260B5-ECE5-474D-B478-2CF496181871}"
EndProject
Project("{2150E333-8FDC-42A3-9474-1A3956D46DE8}") = "Listener", "Listener", "{1F625118-21A8-42F1-8FBF-B7018772FDD9}"
EndProject
Project("{FAE04EC0-301F-11D3-BF4B-00C04F79EFBC}") = "SmartLens.Listener", "SmartLens.Listener\SmartLens.Listener.csproj", "{074F52F8-6AE6-4DBF-A19F-610DDC3CEBC4}"
EndProject
Project("{2150E333-8FDC-42A3-9474-1A3956D46DE8}") = "src", "src", "{F2845058-7E10-4EF2-932A-BE944BFCA1D6}"
EndProject
Global
	GlobalSection(SolutionConfigurationPlatforms) = preSolution
		Debug|Any CPU = Debug|Any CPU
		Release|Any CPU = Release|Any CPU
	EndGlobalSection
	GlobalSection(ProjectConfigurationPlatforms) = postSolution
		{7863680B-27CB-4E06-A447-651FF93654DC}.Debug|Any CPU.ActiveCfg = Debug|Any CPU
		{7863680B-27CB-4E06-A447-651FF93654DC}.Debug|Any CPU.Build.0 = Debug|Any CPU
		{7863680B-27CB-4E06-A447-651FF93654DC}.Release|Any CPU.ActiveCfg = Release|Any CPU
		{7863680B-27CB-4E06-A447-651FF93654DC}.Release|Any CPU.Build.0 = Release|Any CPU
		{C58EFF74-A146-40FA-B691-BBFE5850D05B}.Debug|Any CPU.ActiveCfg = Debug|Any CPU
		{C58EFF74-A146-40FA-B691-BBFE5850D05B}.Debug|Any CPU.Build.0 = Debug|Any CPU
		{C58EFF74-A146-40FA-B691-BBFE5850D05B}.Release|Any CPU.ActiveCfg = Release|Any CPU
		{C58EFF74-A146-40FA-B691-BBFE5850D05B}.Release|Any CPU.Build.0 = Release|Any CPU
		{F2818CFC-523A-45FB-843E-DDEADA3C5998}.Debug|Any CPU.ActiveCfg = Debug|Any CPU
		{F2818CFC-523A-45FB-843E-DDEADA3C5998}.Debug|Any CPU.Build.0 = Debug|Any CPU
		{F2818CFC-523A-45FB-843E-DDEADA3C5998}.Release|Any CPU.ActiveCfg = Release|Any CPU
		{F2818CFC-523A-45FB-843E-DDEADA3C5998}.Release|Any CPU.Build.0 = Release|Any CPU
		{839426E5-1DC8-4F6D-A64C-D7EF7788D968}.Debug|Any CPU.ActiveCfg = Debug|Any CPU
		{839426E5-1DC8-4F6D-A64C-D7EF7788D968}.Debug|Any CPU.Build.0 = Debug|Any CPU
		{839426E5-1DC8-4F6D-A64C-D7EF7788D968}.Release|Any CPU.ActiveCfg = Release|Any CPU
		{839426E5-1DC8-4F6D-A64C-D7EF7788D968}.Release|Any CPU.Build.0 = Release|Any CPU
		{D21C28F3-2929-412E-AFB2-02EF97D7AE77}.Debug|Any CPU.ActiveCfg = Debug|Any CPU
		{D21C28F3-2929-412E-AFB2-02EF97D7AE77}.Debug|Any CPU.Build.0 = Debug|Any CPU
		{D21C28F3-2929-412E-AFB2-02EF97D7AE77}.Release|Any CPU.ActiveCfg = Release|Any CPU
		{D21C28F3-2929-412E-AFB2-02EF97D7AE77}.Release|Any CPU.Build.0 = Release|Any CPU
		{7298E228-9112-4ADF-804F-79D19F340D7C}.Debug|Any CPU.ActiveCfg = Debug|Any CPU
		{7298E228-9112-4ADF-804F-79D19F340D7C}.Debug|Any CPU.Build.0 = Debug|Any CPU
		{7298E228-9112-4ADF-804F-79D19F340D7C}.Release|Any CPU.ActiveCfg = Release|Any CPU
		{7298E228-9112-4ADF-804F-79D19F340D7C}.Release|Any CPU.Build.0 = Release|Any CPU
		{14853BD6-FFF3-435F-82AF-57B40201AB10}.Debug|Any CPU.ActiveCfg = Debug|Any CPU
		{14853BD6-FFF3-435F-82AF-57B40201AB10}.Debug|Any CPU.Build.0 = Debug|Any CPU
		{14853BD6-FFF3-435F-82AF-57B40201AB10}.Release|Any CPU.ActiveCfg = Release|Any CPU
		{14853BD6-FFF3-435F-82AF-57B40201AB10}.Release|Any CPU.Build.0 = Release|Any CPU
		{D913FBEF-7D38-4421-BB48-A318273F9C8A}.Debug|Any CPU.ActiveCfg = Debug|Any CPU
		{D913FBEF-7D38-4421-BB48-A318273F9C8A}.Debug|Any CPU.Build.0 = Debug|Any CPU
		{D913FBEF-7D38-4421-BB48-A318273F9C8A}.Release|Any CPU.ActiveCfg = Release|Any CPU
		{D913FBEF-7D38-4421-BB48-A318273F9C8A}.Release|Any CPU.Build.0 = Release|Any CPU
		{074F52F8-6AE6-4DBF-A19F-610DDC3CEBC4}.Debug|Any CPU.ActiveCfg = Debug|Any CPU
		{074F52F8-6AE6-4DBF-A19F-610DDC3CEBC4}.Debug|Any CPU.Build.0 = Debug|Any CPU
		{074F52F8-6AE6-4DBF-A19F-610DDC3CEBC4}.Release|Any CPU.ActiveCfg = Release|Any CPU
		{074F52F8-6AE6-4DBF-A19F-610DDC3CEBC4}.Release|Any CPU.Build.0 = Release|Any CPU
	EndGlobalSection
	GlobalSection(SolutionProperties) = preSolution
		HideSolutionNode = FALSE
	EndGlobalSection
	GlobalSection(NestedProjects) = preSolution
		{7863680B-27CB-4E06-A447-651FF93654DC} = {5F6260B5-ECE5-474D-B478-2CF496181871}
		{C58EFF74-A146-40FA-B691-BBFE5850D05B} = {5F6260B5-ECE5-474D-B478-2CF496181871}
		{F2818CFC-523A-45FB-843E-DDEADA3C5998} = {5F6260B5-ECE5-474D-B478-2CF496181871}
		{839426E5-1DC8-4F6D-A64C-D7EF7788D968} = {5F6260B5-ECE5-474D-B478-2CF496181871}
		{D21C28F3-2929-412E-AFB2-02EF97D7AE77} = {2A5BCE12-EBB0-45B3-8E15-ECAF2A98B45E}
		{7298E228-9112-4ADF-804F-79D19F340D7C} = {52240E54-58FA-4BF3-B10F-2DF631E33D48}
		{2A5BCE12-EBB0-45B3-8E15-ECAF2A98B45E} = {F2845058-7E10-4EF2-932A-BE944BFCA1D6}
		{14853BD6-FFF3-435F-82AF-57B40201AB10} = {2A5BCE12-EBB0-45B3-8E15-ECAF2A98B45E}
		{D913FBEF-7D38-4421-BB48-A318273F9C8A} = {52240E54-58FA-4BF3-B10F-2DF631E33D48}
		{5F6260B5-ECE5-474D-B478-2CF496181871} = {F2845058-7E10-4EF2-932A-BE944BFCA1D6}
		{1F625118-21A8-42F1-8FBF-B7018772FDD9} = {F2845058-7E10-4EF2-932A-BE944BFCA1D6}
		{074F52F8-6AE6-4DBF-A19F-610DDC3CEBC4} = {1F625118-21A8-42F1-8FBF-B7018772FDD9}
	EndGlobalSection
	GlobalSection(ExtensibilityGlobals) = postSolution
		SolutionGuid = {C6D617B7-3665-4BCB-8B03-E83DC2735444}
	EndGlobalSection
EndGlobal
